// !$*UTF8*$!
{
	archiveVersion = 1;
	classes = {
	};
	objectVersion = 56;
	objects = {

/* Begin PBXBuildFile section */
		7B74208D29B7C10700591D37 /* ResizableHeaderApp.swift in Sources */ = {isa = PBXBuildFile; fileRef = 7B74208C29B7C10700591D37 /* ResizableHeaderApp.swift */; };
		7B74208F29B7C10700591D37 /* ContentView.swift in Sources */ = {isa = PBXBuildFile; fileRef = 7B74208E29B7C10700591D37 /* ContentView.swift */; };
		7B74209129B7C10A00591D37 /* Assets.xcassets in Resources */ = {isa = PBXBuildFile; fileRef = 7B74209029B7C10A00591D37 /* Assets.xcassets */; };
		7B74209429B7C10A00591D37 /* Preview Assets.xcassets in Resources */ = {isa = PBXBuildFile; fileRef = 7B74209329B7C10A00591D37 /* Preview Assets.xcassets */; };
		7B74209E29B7C10A00591D37 /* ResizableHeaderTests.swift in Sources */ = {isa = PBXBuildFile; fileRef = 7B74209D29B7C10A00591D37 /* ResizableHeaderTests.swift */; };
		7B7420A829B7C10B00591D37 /* ResizableHeaderUITests.swift in Sources */ = {isa = PBXBuildFile; fileRef = 7B7420A729B7C10B00591D37 /* ResizableHeaderUITests.swift */; };
		7B7420AA29B7C10B00591D37 /* ResizableHeaderUITestsLaunchTests.swift in Sources */ = {isa = PBXBuildFile; fileRef = 7B7420A929B7C10B00591D37 /* ResizableHeaderUITestsLaunchTests.swift */; };
		7B7420B829B7C6FF00591D37 /* Home.swift in Sources */ = {isa = PBXBuildFile; fileRef = 7B7420B729B7C6FF00591D37 /* Home.swift */; };
/* End PBXBuildFile section */

/* Begin PBXContainerItemProxy section */
		7B74209A29B7C10A00591D37 /* PBXContainerItemProxy */ = {
			isa = PBXContainerItemProxy;
			containerPortal = 7B74208129B7C10700591D37 /* Project object */;
			proxyType = 1;
			remoteGlobalIDString = 7B74208829B7C10700591D37;
			remoteInfo = ResizableHeader;
		};
		7B7420A429B7C10B00591D37 /* PBXContainerItemProxy */ = {
			isa = PBXContainerItemProxy;
			containerPortal = 7B74208129B7C10700591D37 /* Project object */;
			proxyType = 1;
			remoteGlobalIDString = 7B74208829B7C10700591D37;
			remoteInfo = ResizableHeader;
		};
/* End PBXContainerItemProxy section */

/* Begin PBXFileReference section */
		7B74208929B7C10700591D37 /* ResizableHeader.app */ = {isa = PBXFileReference; explicitFileType = wrapper.application; includeInIndex = 0; path = ResizableHeader.app; sourceTree = BUILT_PRODUCTS_DIR; };
		7B74208C29B7C10700591D37 /* ResizableHeaderApp.swift */ = {isa = PBXFileReference; lastKnownFileType = sourcecode.swift; path = ResizableHeaderApp.swift; sourceTree = "<group>"; };
		7B74208E29B7C10700591D37 /* ContentView.swift */ = {isa = PBXFileReference; lastKnownFileType = sourcecode.swift; path = ContentView.swift; sourceTree = "<group>"; };
		7B74209029B7C10A00591D37 /* Assets.xcassets */ = {isa = PBXFileReference; lastKnownFileType = folder.assetcatalog; path = Assets.xcassets; sourceTree = "<group>"; };
		7B74209329B7C10A00591D37 /* Preview Assets.xcassets */ = {isa = PBXFileReference; lastKnownFileType = folder.assetcatalog; path = "Preview Assets.xcassets"; sourceTree = "<group>"; };
		7B74209929B7C10A00591D37 /* ResizableHeaderTests.xctest */ = {isa = PBXFileReference; explicitFileType = wrapper.cfbundle; includeInIndex = 0; path = ResizableHeaderTests.xctest; sourceTree = BUILT_PRODUCTS_DIR; };
		7B74209D29B7C10A00591D37 /* ResizableHeaderTests.swift */ = {isa = PBXFileReference; lastKnownFileType = sourcecode.swift; path = ResizableHeaderTests.swift; sourceTree = "<group>"; };
		7B7420A329B7C10B00591D37 /* ResizableHeaderUITests.xctest */ = {isa = PBXFileReference; explicitFileType = wrapper.cfbundle; includeInIndex = 0; path = ResizableHeaderUITests.xctest; sourceTree = BUILT_PRODUCTS_DIR; };
		7B7420A729B7C10B00591D37 /* ResizableHeaderUITests.swift */ = {isa = PBXFileReference; lastKnownFileType = sourcecode.swift; path = ResizableHeaderUITests.swift; sourceTree = "<group>"; };
		7B7420A929B7C10B00591D37 /* ResizableHeaderUITestsLaunchTests.swift */ = {isa = PBXFileReference; lastKnownFileType = sourcecode.swift; path = ResizableHeaderUITestsLaunchTests.swift; sourceTree = "<group>"; };
		7B7420B729B7C6FF00591D37 /* Home.swift */ = {isa = PBXFileReference; lastKnownFileType = sourcecode.swift; path = Home.swift; sourceTree = "<group>"; };
/* End PBXFileReference section */

/* Begin PBXFrameworksBuildPhase section */
		7B74208629B7C10700591D37 /* Frameworks */ = {
			isa = PBXFrameworksBuildPhase;
			buildActionMask = 2147483647;
			files = (
			);
			runOnlyForDeploymentPostprocessing = 0;
		};
		7B74209629B7C10A00591D37 /* Frameworks */ = {
			isa = PBXFrameworksBuildPhase;
			buildActionMask = 2147483647;
			files = (
			);
			runOnlyForDeploymentPostprocessing = 0;
		};
		7B7420A029B7C10B00591D37 /* Frameworks */ = {
			isa = PBXFrameworksBuildPhase;
			buildActionMask = 2147483647;
			files = (
			);
			runOnlyForDeploymentPostprocessing = 0;
		};
/* End PBXFrameworksBuildPhase section */

/* Begin PBXGroup section */
		7B74208029B7C10700591D37 = {
			isa = PBXGroup;
			children = (
				7B74208B29B7C10700591D37 /* ResizableHeader */,
				7B74209C29B7C10A00591D37 /* ResizableHeaderTests */,
				7B7420A629B7C10B00591D37 /* ResizableHeaderUITests */,
				7B74208A29B7C10700591D37 /* Products */,
			);
			sourceTree = "<group>";
		};
		7B74208A29B7C10700591D37 /* Products */ = {
			isa = PBXGroup;
			children = (
				7B74208929B7C10700591D37 /* ResizableHeader.app */,
				7B74209929B7C10A00591D37 /* ResizableHeaderTests.xctest */,
				7B7420A329B7C10B00591D37 /* ResizableHeaderUITests.xctest */,
			);
			name = Products;
			sourceTree = "<group>";
		};
		7B74208B29B7C10700591D37 /* ResizableHeader */ = {
			isa = PBXGroup;
			children = (
				7B7420B629B7C6E500591D37 /* View */,
				7B74208C29B7C10700591D37 /* ResizableHeaderApp.swift */,
				7B74208E29B7C10700591D37 /* ContentView.swift */,
				7B74209029B7C10A00591D37 /* Assets.xcassets */,
				7B74209229B7C10A00591D37 /* Preview Content */,
			);
			path = ResizableHeader;
			sourceTree = "<group>";
		};
		7B74209229B7C10A00591D37 /* Preview Content */ = {
			isa = PBXGroup;
			children = (
				7B74209329B7C10A00591D37 /* Preview Assets.xcassets */,
			);
			path = "Preview Content";
			sourceTree = "<group>";
		};
		7B74209C29B7C10A00591D37 /* ResizableHeaderTests */ = {
			isa = PBXGroup;
			children = (
				7B74209D29B7C10A00591D37 /* ResizableHeaderTests.swift */,
			);
			path = ResizableHeaderTests;
			sourceTree = "<group>";
		};
		7B7420A629B7C10B00591D37 /* ResizableHeaderUITests */ = {
			isa = PBXGroup;
			children = (
				7B7420A729B7C10B00591D37 /* ResizableHeaderUITests.swift */,
				7B7420A929B7C10B00591D37 /* ResizableHeaderUITestsLaunchTests.swift */,
			);
			path = ResizableHeaderUITests;
			sourceTree = "<group>";
		};
		7B7420B629B7C6E500591D37 /* View */ = {
			isa = PBXGroup;
			children = (
				7B7420B729B7C6FF00591D37 /* Home.swift */,
			);
			path = View;
			sourceTree = "<group>";
		};
/* End PBXGroup section */

/* Begin PBXNativeTarget section */
		7B74208829B7C10700591D37 /* ResizableHeader */ = {
			isa = PBXNativeTarget;
			buildConfigurationList = 7B7420AD29B7C10B00591D37 /* Build configuration list for PBXNativeTarget "ResizableHeader" */;
			buildPhases = (
				7B74208529B7C10700591D37 /* Sources */,
				7B74208629B7C10700591D37 /* Frameworks */,
				7B74208729B7C10700591D37 /* Resources */,
			);
			buildRules = (
			);
			dependencies = (
			);
			name = ResizableHeader;
			productName = ResizableHeader;
			productReference = 7B74208929B7C10700591D37 /* ResizableHeader.app */;
			productType = "com.apple.product-type.application";
		};
		7B74209829B7C10A00591D37 /* ResizableHeaderTests */ = {
			isa = PBXNativeTarget;
			buildConfigurationList = 7B7420B029B7C10B00591D37 /* Build configuration list for PBXNativeTarget "ResizableHeaderTests" */;
			buildPhases = (
				7B74209529B7C10A00591D37 /* Sources */,
				7B74209629B7C10A00591D37 /* Frameworks */,
				7B74209729B7C10A00591D37 /* Resources */,
			);
			buildRules = (
			);
			dependencies = (
				7B74209B29B7C10A00591D37 /* PBXTargetDependency */,
			);
			name = ResizableHeaderTests;
			productName = ResizableHeaderTests;
			productReference = 7B74209929B7C10A00591D37 /* ResizableHeaderTests.xctest */;
			productType = "com.apple.product-type.bundle.unit-test";
		};
		7B7420A229B7C10B00591D37 /* ResizableHeaderUITests */ = {
			isa = PBXNativeTarget;
			buildConfigurationList = 7B7420B329B7C10B00591D37 /* Build configuration list for PBXNativeTarget "ResizableHeaderUITests" */;
			buildPhases = (
				7B74209F29B7C10B00591D37 /* Sources */,
				7B7420A029B7C10B00591D37 /* Frameworks */,
				7B7420A129B7C10B00591D37 /* Resources */,
			);
			buildRules = (
			);
			dependencies = (
				7B7420A529B7C10B00591D37 /* PBXTargetDependency */,
			);
			name = ResizableHeaderUITests;
			productName = ResizableHeaderUITests;
			productReference = 7B7420A329B7C10B00591D37 /* ResizableHeaderUITests.xctest */;
			productType = "com.apple.product-type.bundle.ui-testing";
		};
/* End PBXNativeTarget section */

/* Begin PBXProject section */
		7B74208129B7C10700591D37 /* Project object */ = {
			isa = PBXProject;
			attributes = {
				BuildIndependentTargetsInParallel = 1;
				LastSwiftUpdateCheck = 1420;
				LastUpgradeCheck = 1420;
				TargetAttributes = {
					7B74208829B7C10700591D37 = {
						CreatedOnToolsVersion = 14.2;
					};
					7B74209829B7C10A00591D37 = {
						CreatedOnToolsVersion = 14.2;
						TestTargetID = 7B74208829B7C10700591D37;
					};
					7B7420A229B7C10B00591D37 = {
						CreatedOnToolsVersion = 14.2;
						TestTargetID = 7B74208829B7C10700591D37;
					};
				};
			};
			buildConfigurationList = 7B74208429B7C10700591D37 /* Build configuration list for PBXProject "ResizableHeader" */;
			compatibilityVersion = "Xcode 14.0";
			developmentRegion = en;
			hasScannedForEncodings = 0;
			knownRegions = (
				en,
				Base,
			);
			mainGroup = 7B74208029B7C10700591D37;
			productRefGroup = 7B74208A29B7C10700591D37 /* Products */;
			projectDirPath = "";
			projectRoot = "";
			targets = (
				7B74208829B7C10700591D37 /* ResizableHeader */,
				7B74209829B7C10A00591D37 /* ResizableHeaderTests */,
				7B7420A229B7C10B00591D37 /* ResizableHeaderUITests */,
			);
		};
/* End PBXProject section */

/* Begin PBXResourcesBuildPhase section */
		7B74208729B7C10700591D37 /* Resources */ = {
			isa = PBXResourcesBuildPhase;
			buildActionMask = 2147483647;
			files = (
				7B74209429B7C10A00591D37 /* Preview Assets.xcassets in Resources */,
				7B74209129B7C10A00591D37 /* Assets.xcassets in Resources */,
			);
			runOnlyForDeploymentPostprocessing = 0;
		};
		7B74209729B7C10A00591D37 /* Resources */ = {
			isa = PBXResourcesBuildPhase;
			buildActionMask = 2147483647;
			files = (
			);
			runOnlyForDeploymentPostprocessing = 0;
		};
		7B7420A129B7C10B00591D37 /* Resources */ = {
			isa = PBXResourcesBuildPhase;
			buildActionMask = 2147483647;
			files = (
			);
			runOnlyForDeploymentPostprocessing = 0;
		};
/* End PBXResourcesBuildPhase section */

/* Begin PBXSourcesBuildPhase section */
		7B74208529B7C10700591D37 /* Sources */ = {
			isa = PBXSourcesBuildPhase;
			buildActionMask = 2147483647;
			files = (
				7B74208F29B7C10700591D37 /* ContentView.swift in Sources */,
				7B7420B829B7C6FF00591D37 /* Home.swift in Sources */,
				7B74208D29B7C10700591D37 /* ResizableHeaderApp.swift in Sources */,
			);
			runOnlyForDeploymentPostprocessing = 0;
		};
		7B74209529B7C10A00591D37 /* Sources */ = {
			isa = PBXSourcesBuildPhase;
			buildActionMask = 2147483647;
			files = (
				7B74209E29B7C10A00591D37 /* ResizableHeaderTests.swift in Sources */,
			);
			runOnlyForDeploymentPostprocessing = 0;
		};
		7B74209F29B7C10B00591D37 /* Sources */ = {
			isa = PBXSourcesBuildPhase;
			buildActionMask = 2147483647;
			files = (
				7B7420A829B7C10B00591D37 /* ResizableHeaderUITests.swift in Sources */,
				7B7420AA29B7C10B00591D37 /* ResizableHeaderUITestsLaunchTests.swift in Sources */,
			);
			runOnlyForDeploymentPostprocessing = 0;
		};
/* End PBXSourcesBuildPhase section */

/* Begin PBXTargetDependency section */
		7B74209B29B7C10A00591D37 /* PBXTargetDependency */ = {
			isa = PBXTargetDependency;
			target = 7B74208829B7C10700591D37 /* ResizableHeader */;
			targetProxy = 7B74209A29B7C10A00591D37 /* PBXContainerItemProxy */;
		};
		7B7420A529B7C10B00591D37 /* PBXTargetDependency */ = {
			isa = PBXTargetDependency;
			target = 7B74208829B7C10700591D37 /* ResizableHeader */;
			targetProxy = 7B7420A429B7C10B00591D37 /* PBXContainerItemProxy */;
		};
/* End PBXTargetDependency section */

/* Begin XCBuildConfiguration section */
		7B7420AB29B7C10B00591D37 /* Debug */ = {
			isa = XCBuildConfiguration;
			buildSettings = {
				ALWAYS_SEARCH_USER_PATHS = NO;
				CLANG_ANALYZER_NONNULL = YES;
				CLANG_ANALYZER_NUMBER_OBJECT_CONVERSION = YES_AGGRESSIVE;
				CLANG_CXX_LANGUAGE_STANDARD = "gnu++20";
				CLANG_ENABLE_MODULES = YES;
				CLANG_ENABLE_OBJC_ARC = YES;
				CLANG_ENABLE_OBJC_WEAK = YES;
				CLANG_WARN_BLOCK_CAPTURE_AUTORELEASING = YES;
				CLANG_WARN_BOOL_CONVERSION = YES;
				CLANG_WARN_COMMA = YES;
				CLANG_WARN_CONSTANT_CONVERSION = YES;
				CLANG_WARN_DEPRECATED_OBJC_IMPLEMENTATIONS = YES;
				CLANG_WARN_DIRECT_OBJC_ISA_USAGE = YES_ERROR;
				CLANG_WARN_DOCUMENTATION_COMMENTS = YES;
				CLANG_WARN_EMPTY_BODY = YES;
				CLANG_WARN_ENUM_CONVERSION = YES;
				CLANG_WARN_INFINITE_RECURSION = YES;
				CLANG_WARN_INT_CONVERSION = YES;
				CLANG_WARN_NON_LITERAL_NULL_CONVERSION = YES;
				CLANG_WARN_OBJC_IMPLICIT_RETAIN_SELF = YES;
				CLANG_WARN_OBJC_LITERAL_CONVERSION = YES;
				CLANG_WARN_OBJC_ROOT_CLASS = YES_ERROR;
				CLANG_WARN_QUOTED_INCLUDE_IN_FRAMEWORK_HEADER = YES;
				CLANG_WARN_RANGE_LOOP_ANALYSIS = YES;
				CLANG_WARN_STRICT_PROTOTYPES = YES;
				CLANG_WARN_SUSPICIOUS_MOVE = YES;
				CLANG_WARN_UNGUARDED_AVAILABILITY = YES_AGGRESSIVE;
				CLANG_WARN_UNREACHABLE_CODE = YES;
				CLANG_WARN__DUPLICATE_METHOD_MATCH = YES;
				COPY_PHASE_STRIP = NO;
				DEBUG_INFORMATION_FORMAT = dwarf;
				ENABLE_STRICT_OBJC_MSGSEND = YES;
				ENABLE_TESTABILITY = YES;
				GCC_C_LANGUAGE_STANDARD = gnu11;
				GCC_DYNAMIC_NO_PIC = NO;
				GCC_NO_COMMON_BLOCKS = YES;
				GCC_OPTIMIZATION_LEVEL = 0;
				GCC_PREPROCESSOR_DEFINITIONS = (
					"DEBUG=1",
					"$(inherited)",
				);
				GCC_WARN_64_TO_32_BIT_CONVERSION = YES;
				GCC_WARN_ABOUT_RETURN_TYPE = YES_ERROR;
				GCC_WARN_UNDECLARED_SELECTOR = YES;
				GCC_WARN_UNINITIALIZED_AUTOS = YES_AGGRESSIVE;
				GCC_WARN_UNUSED_FUNCTION = YES;
				GCC_WARN_UNUSED_VARIABLE = YES;
				IPHONEOS_DEPLOYMENT_TARGET = 16.2;
				MTL_ENABLE_DEBUG_INFO = INCLUDE_SOURCE;
				MTL_FAST_MATH = YES;
				ONLY_ACTIVE_ARCH = YES;
				SDKROOT = iphoneos;
				SWIFT_ACTIVE_COMPILATION_CONDITIONS = DEBUG;
				SWIFT_OPTIMIZATION_LEVEL = "-Onone";
			};
			name = Debug;
		};
		7B7420AC29B7C10B00591D37 /* Release */ = {
			isa = XCBuildConfiguration;
			buildSettings = {
				ALWAYS_SEARCH_USER_PATHS = NO;
				CLANG_ANALYZER_NONNULL = YES;
				CLANG_ANALYZER_NUMBER_OBJECT_CONVERSION = YES_AGGRESSIVE;
				CLANG_CXX_LANGUAGE_STANDARD = "gnu++20";
				CLANG_ENABLE_MODULES = YES;
				CLANG_ENABLE_OBJC_ARC = YES;
				CLANG_ENABLE_OBJC_WEAK = YES;
				CLANG_WARN_BLOCK_CAPTURE_AUTORELEASING = YES;
				CLANG_WARN_BOOL_CONVERSION = YES;
				CLANG_WARN_COMMA = YES;
				CLANG_WARN_CONSTANT_CONVERSION = YES;
				CLANG_WARN_DEPRECATED_OBJC_IMPLEMENTATIONS = YES;
				CLANG_WARN_DIRECT_OBJC_ISA_USAGE = YES_ERROR;
				CLANG_WARN_DOCUMENTATION_COMMENTS = YES;
				CLANG_WARN_EMPTY_BODY = YES;
				CLANG_WARN_ENUM_CONVERSION = YES;
				CLANG_WARN_INFINITE_RECURSION = YES;
				CLANG_WARN_INT_CONVERSION = YES;
				CLANG_WARN_NON_LITERAL_NULL_CONVERSION = YES;
				CLANG_WARN_OBJC_IMPLICIT_RETAIN_SELF = YES;
				CLANG_WARN_OBJC_LITERAL_CONVERSION = YES;
				CLANG_WARN_OBJC_ROOT_CLASS = YES_ERROR;
				CLANG_WARN_QUOTED_INCLUDE_IN_FRAMEWORK_HEADER = YES;
				CLANG_WARN_RANGE_LOOP_ANALYSIS = YES;
				CLANG_WARN_STRICT_PROTOTYPES = YES;
				CLANG_WARN_SUSPICIOUS_MOVE = YES;
				CLANG_WARN_UNGUARDED_AVAILABILITY = YES_AGGRESSIVE;
				CLANG_WARN_UNREACHABLE_CODE = YES;
				CLANG_WARN__DUPLICATE_METHOD_MATCH = YES;
				COPY_PHASE_STRIP = NO;
				DEBUG_INFORMATION_FORMAT = "dwarf-with-dsym";
				ENABLE_NS_ASSERTIONS = NO;
				ENABLE_STRICT_OBJC_MSGSEND = YES;
				GCC_C_LANGUAGE_STANDARD = gnu11;
				GCC_NO_COMMON_BLOCKS = YES;
				GCC_WARN_64_TO_32_BIT_CONVERSION = YES;
				GCC_WARN_ABOUT_RETURN_TYPE = YES_ERROR;
				GCC_WARN_UNDECLARED_SELECTOR = YES;
				GCC_WARN_UNINITIALIZED_AUTOS = YES_AGGRESSIVE;
				GCC_WARN_UNUSED_FUNCTION = YES;
				GCC_WARN_UNUSED_VARIABLE = YES;
				IPHONEOS_DEPLOYMENT_TARGET = 16.2;
				MTL_ENABLE_DEBUG_INFO = NO;
				MTL_FAST_MATH = YES;
				SDKROOT = iphoneos;
				SWIFT_COMPILATION_MODE = wholemodule;
				SWIFT_OPTIMIZATION_LEVEL = "-O";
				VALIDATE_PRODUCT = YES;
			};
			name = Release;
		};
		7B7420AE29B7C10B00591D37 /* Debug */ = {
			isa = XCBuildConfiguration;
			buildSettings = {
				ASSETCATALOG_COMPILER_APPICON_NAME = AppIcon;
				ASSETCATALOG_COMPILER_GLOBAL_ACCENT_COLOR_NAME = AccentColor;
				CODE_SIGN_STYLE = Automatic;
				CURRENT_PROJECT_VERSION = 1;
				DEVELOPMENT_ASSET_PATHS = "\"ResizableHeader/Preview Content\"";
				DEVELOPMENT_TEAM = XRR5P3RD3X;
				ENABLE_PREVIEWS = YES;
				GENERATE_INFOPLIST_FILE = YES;
				INFOPLIST_KEY_UIApplicationSceneManifest_Generation = YES;
				INFOPLIST_KEY_UIApplicationSupportsIndirectInputEvents = YES;
				INFOPLIST_KEY_UILaunchScreen_Generation = YES;
				INFOPLIST_KEY_UISupportedInterfaceOrientations_iPad = "UIInterfaceOrientationPortrait UIInterfaceOrientationPortraitUpsideDown UIInterfaceOrientationLandscapeLeft UIInterfaceOrientationLandscapeRight";
				INFOPLIST_KEY_UISupportedInterfaceOrientations_iPhone = "UIInterfaceOrientationPortrait UIInterfaceOrientationLandscapeLeft UIInterfaceOrientationLandscapeRight";
				LD_RUNPATH_SEARCH_PATHS = (
					"$(inherited)",
					"@executable_path/Frameworks",
				);
				MARKETING_VERSION = 1.0;
				PRODUCT_BUNDLE_IDENTIFIER = abdullahkaraboga.ResizableHeader;
				PRODUCT_NAME = "$(TARGET_NAME)";
				SWIFT_EMIT_LOC_STRINGS = YES;
				SWIFT_VERSION = 5.0;
				TARGETED_DEVICE_FAMILY = "1,2";
			};
			name = Debug;
		};
		7B7420AF29B7C10B00591D37 /* Release */ = {
			isa = XCBuildConfiguration;
			buildSettings = {
				ASSETCATALOG_COMPILER_APPICON_NAME = AppIcon;
				ASSETCATALOG_COMPILER_GLOBAL_ACCENT_COLOR_NAME = AccentColor;
				CODE_SIGN_STYLE = Automatic;
				CURRENT_PROJECT_VERSION = 1;
				DEVELOPMENT_ASSET_PATHS = "\"ResizableHeader/Preview Content\"";
				DEVELOPMENT_TEAM = XRR5P3RD3X;
				ENABLE_PREVIEWS = YES;
				GENERATE_INFOPLIST_FILE = YES;
				INFOPLIST_KEY_UIApplicationSceneManifest_Generation = YES;
				INFOPLIST_KEY_UIApplicationSupportsIndirectInputEvents = YES;
				INFOPLIST_KEY_UILaunchScreen_Generation = YES;
				INFOPLIST_KEY_UISupportedInterfaceOrientations_iPad = "UIInterfaceOrientationPortrait UIInterfaceOrientationPortraitUpsideDown UIInterfaceOrientationLandscapeLeft UIInterfaceOrientationLandscapeRight";
				INFOPLIST_KEY_UISupportedInterfaceOrientations_iPhone = "UIInterfaceOrientationPortrait UIInterfaceOrientationLandscapeLeft UIInterfaceOrientationLandscapeRight";
				LD_RUNPATH_SEARCH_PATHS = (
					"$(inherited)",
					"@executable_path/Frameworks",
				);
				MARKETING_VERSION = 1.0;
				PRODUCT_BUNDLE_IDENTIFIER = abdullahkaraboga.ResizableHeader;
				PRODUCT_NAME = "$(TARGET_NAME)";
				SWIFT_EMIT_LOC_STRINGS = YES;
				SWIFT_VERSION = 5.0;
				TARGETED_DEVICE_FAMILY = "1,2";
			};
			name = Release;
		};
		7B7420B129B7C10B00591D37 /* Debug */ = {
			isa = XCBuildConfiguration;
			buildSettings = {
				ALWAYS_EMBED_SWIFT_STANDARD_LIBRARIES = YES;
				BUNDLE_LOADER = "$(TEST_HOST)";
				CODE_SIGN_STYLE = Automatic;
				CURRENT_PROJECT_VERSION = 1;
				DEVELOPMENT_TEAM = XRR5P3RD3X;
				GENERATE_INFOPLIST_FILE = YES;
				IPHONEOS_DEPLOYMENT_TARGET = 16.2;
				MARKETING_VERSION = 1.0;
				PRODUCT_BUNDLE_IDENTIFIER = abdullahkaraboga.ResizableHeaderTests;
				PRODUCT_NAME = "$(TARGET_NAME)";
				SWIFT_EMIT_LOC_STRINGS = NO;
				SWIFT_VERSION = 5.0;
				TARGETED_DEVICE_FAMILY = "1,2";
				TEST_HOST = "$(BUILT_PRODUCTS_DIR)/ResizableHeader.app/$(BUNDLE_EXECUTABLE_FOLDER_PATH)/ResizableHeader";
			};
			name = Debug;
		};
		7B7420B229B7C10B00591D37 /* Release */ = {
			isa = XCBuildConfiguration;
			buildSettings = {
				ALWAYS_EMBED_SWIFT_STANDARD_LIBRARIES = YES;
				BUNDLE_LOADER = "$(TEST_HOST)";
				CODE_SIGN_STYLE = Automatic;
				CURRENT_PROJECT_VERSION = 1;
				DEVELOPMENT_TEAM = XRR5P3RD3X;
				GENERATE_INFOPLIST_FILE = YES;
				IPHONEOS_DEPLOYMENT_TARGET = 16.2;
				MARKETING_VERSION = 1.0;
				PRODUCT_BUNDLE_IDENTIFIER = abdullahkaraboga.ResizableHeaderTests;
				PRODUCT_NAME = "$(TARGET_NAME)";
				SWIFT_EMIT_LOC_STRINGS = NO;
				SWIFT_VERSION = 5.0;
				TARGETED_DEVICE_FAMILY = "1,2";
				TEST_HOST = "$(BUILT_PRODUCTS_DIR)/ResizableHeader.app/$(BUNDLE_EXECUTABLE_FOLDER_PATH)/ResizableHeader";
			};
			name = Release;
		};
		7B7420B429B7C10B00591D37 /* Debug */ = {
			isa = XCBuildConfiguration;
			buildSettings = {
				ALWAYS_EMBED_SWIFT_STANDARD_LIBRARIES = YES;
				CODE_SIGN_STYLE = Automatic;
				CURRENT_PROJECT_VERSION = 1;
				DEVELOPMENT_TEAM = XRR5P3RD3X;
				GENERATE_INFOPLIST_FILE = YES;
				MARKETING_VERSION = 1.0;
				PRODUCT_BUNDLE_IDENTIFIER = abdullahkaraboga.ResizableHeaderUITests;
				PRODUCT_NAME = "$(TARGET_NAME)";
				SWIFT_EMIT_LOC_STRINGS = NO;
				SWIFT_VERSION = 5.0;
				TARGETED_DEVICE_FAMILY = "1,2";
				TEST_TARGET_NAME = ResizableHeader;
			};
			name = Debug;
		};
		7B7420B529B7C10B00591D37 /* Release */ = {
			isa = XCBuildConfiguration;
			buildSettings = {
				ALWAYS_EMBED_SWIFT_STANDARD_LIBRARIES = YES;
				CODE_SIGN_STYLE = Automatic;
				CURRENT_PROJECT_VERSION = 1;
				DEVELOPMENT_TEAM = XRR5P3RD3X;
				GENERATE_INFOPLIST_FILE = YES;
				MARKETING_VERSION = 1.0;
				PRODUCT_BUNDLE_IDENTIFIER = abdullahkaraboga.ResizableHeaderUITests;
				PRODUCT_NAME = "$(TARGET_NAME)";
				SWIFT_EMIT_LOC_STRINGS = NO;
				SWIFT_VERSION = 5.0;
				TARGETED_DEVICE_FAMILY = "1,2";
				TEST_TARGET_NAME = ResizableHeader;
			};
			name = Release;
		};
/* End XCBuildConfiguration section */

/* Begin XCConfigurationList section */
		7B74208429B7C10700591D37 /* Build configuration list for PBXProject "ResizableHeader" */ = {
			isa = XCConfigurationList;
			buildConfigurations = (
				7B7420AB29B7C10B00591D37 /* Debug */,
				7B7420AC29B7C10B00591D37 /* Release */,
			);
			defaultConfigurationIsVisible = 0;
			defaultConfigurationName = Release;
		};
		7B7420AD29B7C10B00591D37 /* Build configuration list for PBXNativeTarget "ResizableHeader" */ = {
			isa = XCConfigurationList;
			buildConfigurations = (
				7B7420AE29B7C10B00591D37 /* Debug */,
				7B7420AF29B7C10B00591D37 /* Release */,
			);
			defaultConfigurationIsVisible = 0;
			defaultConfigurationName = Release;
		};
		7B7420B029B7C10B00591D37 /* Build configuration list for PBXNativeTarget "ResizableHeaderTests" */ = {
			isa = XCConfigurationList;
			buildConfigurations = (
				7B7420B129B7C10B00591D37 /* Debug */,
				7B7420B229B7C10B00591D37 /* Release */,
			);
			defaultConfigurationIsVisible = 0;
			defaultConfigurationName = Release;
		};
		7B7420B329B7C10B00591D37 /* Build configuration list for PBXNativeTarget "ResizableHeaderUITests" */ = {
			isa = XCConfigurationList;
			buildConfigurations = (
				7B7420B429B7C10B00591D37 /* Debug */,
				7B7420B529B7C10B00591D37 /* Release */,
			);
			defaultConfigurationIsVisible = 0;
			defaultConfigurationName = Release;
		};
/* End XCConfigurationList section */
	};
	rootObject = 7B74208129B7C10700591D37 /* Project object */;
}
